
Microsoft Visual Studio Solution File, Format Version 11.00
# Visual Studio 2010
Project("{E24C65DC-7377-472B-9ABA-BC803B73C61A}") = "AdvertiseWebsite", "..\", "{33C56925-E1CD-4957-B41D-09AC57DFFC35}"
	ProjectSection(WebsiteProperties) = preProject
		TargetFrameworkMoniker = ".NETFramework,Version%3Dv4.0"
		Debug.AspNetCompiler.VirtualPath = "/Advertise"
		Debug.AspNetCompiler.PhysicalPath = "..\..\AdvertiseWebsite\"
		Debug.AspNetCompiler.TargetPath = "PrecompiledWeb\Advertise\"
		Debug.AspNetCompiler.Updateable = "true"
		Debug.AspNetCompiler.ForceOverwrite = "true"
		Debug.AspNetCompiler.FixedNames = "false"
		Debug.AspNetCompiler.Debug = "True"
		Release.AspNetCompiler.VirtualPath = "/Advertise"
		Release.AspNetCompiler.PhysicalPath = "..\..\AdvertiseWebsite\"
		Release.AspNetCompiler.TargetPath = "PrecompiledWeb\Advertise\"
		Release.AspNetCompiler.Updateable = "true"
		Release.AspNetCompiler.ForceOverwrite = "true"
		Release.AspNetCompiler.FixedNames = "false"
		Release.AspNetCompiler.Debug = "False"
		VWDPort = "53533"
	EndProjectSection
EndProject
Global
	GlobalSection(SolutionConfigurationPlatforms) = preSolution
		Debug|Any CPU = Debug|Any CPU
	EndGlobalSection
	GlobalSection(ProjectConfigurationPlatforms) = postSolution
		{33C56925-E1CD-4957-B41D-09AC57DFFC35}.Debug|Any CPU.ActiveCfg = Debug|Any CPU
		{33C56925-E1CD-4957-B41D-09AC57DFFC35}.Debug|Any CPU.Build.0 = Debug|Any CPU
	EndGlobalSection
	GlobalSection(SolutionProperties) = preSolution
		HideSolutionNode = FALSE
	EndGlobalSection
	GlobalSection(ExtensibilityGlobals) = postSolution
		VisualSVNWorkingCopyRoot = ..
	EndGlobalSection
EndGlobal
